
Microsoft Visual Studio Solution File, Format Version 12.00
# Visual Studio 14
VisualStudioVersion = 14.0.24720.0
MinimumVisualStudioVersion = 10.0.40219.1
Project("{2150E333-8FDC-42A3-9474-1A3956D46DE8}") = "1 - Camada de Entidades", "1 - Camada de Entidades", "{DB1EA360-8B64-449F-8693-7C82C46BDCC3}"
EndProject
Project("{2150E333-8FDC-42A3-9474-1A3956D46DE8}") = "2 - Sistema", "2 - Sistema", "{C7ACBABE-85FA-4DD2-A50E-896548126061}"
EndProject
Project("{2150E333-8FDC-42A3-9474-1A3956D46DE8}") = "2.1 - Camada de Apresentação", "2.1 - Camada de Apresentação", "{BC1A913F-0F10-4669-B82B-8CC7D5093C83}"
EndProject
Project("{2150E333-8FDC-42A3-9474-1A3956D46DE8}") = "2.2 - Camada de Aplicação", "2.2 - Camada de Aplicação", "{B8C996BA-1687-48D5-BC94-EB4FB26C7AAE}"
EndProject
Project("{2150E333-8FDC-42A3-9474-1A3956D46DE8}") = "2.3 - Camada de Dominio", "2.3 - Camada de Dominio", "{2BE86A26-A935-4F1E-A316-CEFE0659F390}"
EndProject
Project("{2150E333-8FDC-42A3-9474-1A3956D46DE8}") = "2.4 - Camada de Infraestrutura", "2.4 - Camada de Infraestrutura", "{E2A5C147-FD6C-481E-B13A-77A1286F2376}"
EndProject
Project("{2150E333-8FDC-42A3-9474-1A3956D46DE8}") = "2.4.1 - Camada de Banco de Dados", "2.4.1 - Camada de Banco de Dados", "{1C15C20F-1606-48E8-8858-C71FF99285FE}"
EndProject
Project("{2150E333-8FDC-42A3-9474-1A3956D46DE8}") = "2.4.2 - Camada de Utilitários", "2.4.2 - Camada de Utilitários", "{E084B8BC-FFD8-4A13-AA16-8D11C1346700}"
EndProject
Project("{2150E333-8FDC-42A3-9474-1A3956D46DE8}") = "2.4.2.1 - Camada de Segurança", "2.4.2.1 - Camada de Segurança", "{9BAA5F16-7874-442D-A850-3086F638E24F}"
EndProject
Project("{FAE04EC0-301F-11D3-BF4B-00C04F79EFBC}") = "SalaoDoPantcho.Security", "SalaoDoPantcho.Security\SalaoDoPantcho.Security.csproj", "{621AA110-47C3-4F43-9EDE-7A90A02B3597}"
EndProject
Project("{FAE04EC0-301F-11D3-BF4B-00C04F79EFBC}") = "SalaoDoPantcho.SGBD", "SalaoDoPantcho.SGBD\SalaoDoPantcho.SGBD.csproj", "{3F168784-FA0C-4111-BD16-F2A3DAF83D38}"
EndProject
Project("{FAE04EC0-301F-11D3-BF4B-00C04F79EFBC}") = "SalaoDoPantcho.Domain", "SalaoDoPantcho.Domain\SalaoDoPantcho.Domain.csproj", "{7E0CC65C-31C5-42A7-9958-12EA643B7F22}"
EndProject
Project("{FAE04EC0-301F-11D3-BF4B-00C04F79EFBC}") = "SalaoDoPantcho.App", "SalaoDoPantcho.App\SalaoDoPantcho.App.csproj", "{9059A9FC-DECE-4CEA-BAA6-62FEE8611FBD}"
EndProject
Project("{FAE04EC0-301F-11D3-BF4B-00C04F79EFBC}") = "SalaoDoPantcho.Entity", "SalaoDoPantcho.Entity\SalaoDoPantcho.Entity.csproj", "{1C91532C-90B3-424B-91F3-EA9B5BEAD2C7}"
EndProject
Project("{FAE04EC0-301F-11D3-BF4B-00C04F79EFBC}") = "SalaoDoPantcho.Web", "SalaoDoPantcho.Web\SalaoDoPantcho.Web.csproj", "{5276CE1A-C009-411A-AFAA-8F9FCC291C4F}"
EndProject
Project("{2150E333-8FDC-42A3-9474-1A3956D46DE8}") = "2.4.3 - Camada de Regras de Negócio", "2.4.3 - Camada de Regras de Negócio", "{B31824E4-024C-4231-9305-5F39768AE8F4}"
EndProject
Project("{FAE04EC0-301F-11D3-BF4B-00C04F79EFBC}") = "SalaoDoPantcho.Bussiness", "SalaoDoPantcho.Bussiness\SalaoDoPantcho.Bussiness.csproj", "{AFCBC2F2-AD0A-4407-A7AC-44EDD1C8758F}"
EndProject
Project("{2150E333-8FDC-42A3-9474-1A3956D46DE8}") = "2.4.2.2 - Camada de Mensagens", "2.4.2.2 - Camada de Mensagens", "{438B8BA5-D92E-43C2-859B-0812FF6E0242}"
EndProject
Project("{2150E333-8FDC-42A3-9474-1A3956D46DE8}") = "2.4.2.2.1 - Camada de Envio de Email", "2.4.2.2.1 - Camada de Envio de Email", "{369B4F29-4FF6-460C-877F-D67C81F45ED9}"
EndProject
Project("{FAE04EC0-301F-11D3-BF4B-00C04F79EFBC}") = "SalaoDoPantcho.Mail", "SalaoDoPantcho.Mail\SalaoDoPantcho.Mail.csproj", "{159B7144-E61E-4571-9321-7A0009C3D469}"
EndProject
Project("{2150E333-8FDC-42A3-9474-1A3956D46DE8}") = "2.4.2.3 - Camada de Conversão", "2.4.2.3 - Camada de Conversão", "{BF8CF299-4455-40ED-821A-F663E181E325}"
EndProject
Project("{FAE04EC0-301F-11D3-BF4B-00C04F79EFBC}") = "SalaoDoPantcho.Convert", "SalaoDoPantcho.Convert\SalaoDoPantcho.Convert.csproj", "{E9A212E2-8797-4A30-ADAF-89847D21F25C}"
EndProject
Global
	GlobalSection(SolutionConfigurationPlatforms) = preSolution
		Debug|Any CPU = Debug|Any CPU
		Release|Any CPU = Release|Any CPU
	EndGlobalSection
	GlobalSection(ProjectConfigurationPlatforms) = postSolution
		{621AA110-47C3-4F43-9EDE-7A90A02B3597}.Debug|Any CPU.ActiveCfg = Debug|Any CPU
		{621AA110-47C3-4F43-9EDE-7A90A02B3597}.Debug|Any CPU.Build.0 = Debug|Any CPU
		{621AA110-47C3-4F43-9EDE-7A90A02B3597}.Release|Any CPU.ActiveCfg = Release|Any CPU
		{621AA110-47C3-4F43-9EDE-7A90A02B3597}.Release|Any CPU.Build.0 = Release|Any CPU
		{3F168784-FA0C-4111-BD16-F2A3DAF83D38}.Debug|Any CPU.ActiveCfg = Debug|Any CPU
		{3F168784-FA0C-4111-BD16-F2A3DAF83D38}.Debug|Any CPU.Build.0 = Debug|Any CPU
		{3F168784-FA0C-4111-BD16-F2A3DAF83D38}.Release|Any CPU.ActiveCfg = Release|Any CPU
		{3F168784-FA0C-4111-BD16-F2A3DAF83D38}.Release|Any CPU.Build.0 = Release|Any CPU
		{7E0CC65C-31C5-42A7-9958-12EA643B7F22}.Debug|Any CPU.ActiveCfg = Debug|Any CPU
		{7E0CC65C-31C5-42A7-9958-12EA643B7F22}.Debug|Any CPU.Build.0 = Debug|Any CPU
		{7E0CC65C-31C5-42A7-9958-12EA643B7F22}.Release|Any CPU.ActiveCfg = Release|Any CPU
		{7E0CC65C-31C5-42A7-9958-12EA643B7F22}.Release|Any CPU.Build.0 = Release|Any CPU
		{9059A9FC-DECE-4CEA-BAA6-62FEE8611FBD}.Debug|Any CPU.ActiveCfg = Debug|Any CPU
		{9059A9FC-DECE-4CEA-BAA6-62FEE8611FBD}.Debug|Any CPU.Build.0 = Debug|Any CPU
		{9059A9FC-DECE-4CEA-BAA6-62FEE8611FBD}.Release|Any CPU.ActiveCfg = Release|Any CPU
		{9059A9FC-DECE-4CEA-BAA6-62FEE8611FBD}.Release|Any CPU.Build.0 = Release|Any CPU
		{1C91532C-90B3-424B-91F3-EA9B5BEAD2C7}.Debug|Any CPU.ActiveCfg = Debug|Any CPU
		{1C91532C-90B3-424B-91F3-EA9B5BEAD2C7}.Debug|Any CPU.Build.0 = Debug|Any CPU
		{1C91532C-90B3-424B-91F3-EA9B5BEAD2C7}.Release|Any CPU.ActiveCfg = Release|Any CPU
		{1C91532C-90B3-424B-91F3-EA9B5BEAD2C7}.Release|Any CPU.Build.0 = Release|Any CPU
		{5276CE1A-C009-411A-AFAA-8F9FCC291C4F}.Debug|Any CPU.ActiveCfg = Debug|Any CPU
		{5276CE1A-C009-411A-AFAA-8F9FCC291C4F}.Debug|Any CPU.Build.0 = Debug|Any CPU
		{5276CE1A-C009-411A-AFAA-8F9FCC291C4F}.Release|Any CPU.ActiveCfg = Release|Any CPU
		{5276CE1A-C009-411A-AFAA-8F9FCC291C4F}.Release|Any CPU.Build.0 = Release|Any CPU
		{AFCBC2F2-AD0A-4407-A7AC-44EDD1C8758F}.Debug|Any CPU.ActiveCfg = Debug|Any CPU
		{AFCBC2F2-AD0A-4407-A7AC-44EDD1C8758F}.Debug|Any CPU.Build.0 = Debug|Any CPU
		{AFCBC2F2-AD0A-4407-A7AC-44EDD1C8758F}.Release|Any CPU.ActiveCfg = Release|Any CPU
		{AFCBC2F2-AD0A-4407-A7AC-44EDD1C8758F}.Release|Any CPU.Build.0 = Release|Any CPU
		{159B7144-E61E-4571-9321-7A0009C3D469}.Debug|Any CPU.ActiveCfg = Debug|Any CPU
		{159B7144-E61E-4571-9321-7A0009C3D469}.Debug|Any CPU.Build.0 = Debug|Any CPU
		{159B7144-E61E-4571-9321-7A0009C3D469}.Release|Any CPU.ActiveCfg = Release|Any CPU
		{159B7144-E61E-4571-9321-7A0009C3D469}.Release|Any CPU.Build.0 = Release|Any CPU
		{E9A212E2-8797-4A30-ADAF-89847D21F25C}.Debug|Any CPU.ActiveCfg = Debug|Any CPU
		{E9A212E2-8797-4A30-ADAF-89847D21F25C}.Debug|Any CPU.Build.0 = Debug|Any CPU
		{E9A212E2-8797-4A30-ADAF-89847D21F25C}.Release|Any CPU.ActiveCfg = Release|Any CPU
		{E9A212E2-8797-4A30-ADAF-89847D21F25C}.Release|Any CPU.Build.0 = Release|Any CPU
	EndGlobalSection
	GlobalSection(SolutionProperties) = preSolution
		HideSolutionNode = FALSE
	EndGlobalSection
	GlobalSection(NestedProjects) = preSolution
		{BC1A913F-0F10-4669-B82B-8CC7D5093C83} = {C7ACBABE-85FA-4DD2-A50E-896548126061}
		{B8C996BA-1687-48D5-BC94-EB4FB26C7AAE} = {C7ACBABE-85FA-4DD2-A50E-896548126061}
		{2BE86A26-A935-4F1E-A316-CEFE0659F390} = {C7ACBABE-85FA-4DD2-A50E-896548126061}
		{E2A5C147-FD6C-481E-B13A-77A1286F2376} = {C7ACBABE-85FA-4DD2-A50E-896548126061}
		{1C15C20F-1606-48E8-8858-C71FF99285FE} = {E2A5C147-FD6C-481E-B13A-77A1286F2376}
		{E084B8BC-FFD8-4A13-AA16-8D11C1346700} = {E2A5C147-FD6C-481E-B13A-77A1286F2376}
		{9BAA5F16-7874-442D-A850-3086F638E24F} = {E084B8BC-FFD8-4A13-AA16-8D11C1346700}
		{621AA110-47C3-4F43-9EDE-7A90A02B3597} = {9BAA5F16-7874-442D-A850-3086F638E24F}
		{3F168784-FA0C-4111-BD16-F2A3DAF83D38} = {1C15C20F-1606-48E8-8858-C71FF99285FE}
		{7E0CC65C-31C5-42A7-9958-12EA643B7F22} = {2BE86A26-A935-4F1E-A316-CEFE0659F390}
		{9059A9FC-DECE-4CEA-BAA6-62FEE8611FBD} = {B8C996BA-1687-48D5-BC94-EB4FB26C7AAE}
		{1C91532C-90B3-424B-91F3-EA9B5BEAD2C7} = {DB1EA360-8B64-449F-8693-7C82C46BDCC3}
		{5276CE1A-C009-411A-AFAA-8F9FCC291C4F} = {BC1A913F-0F10-4669-B82B-8CC7D5093C83}
		{B31824E4-024C-4231-9305-5F39768AE8F4} = {E2A5C147-FD6C-481E-B13A-77A1286F2376}
		{AFCBC2F2-AD0A-4407-A7AC-44EDD1C8758F} = {B31824E4-024C-4231-9305-5F39768AE8F4}
		{438B8BA5-D92E-43C2-859B-0812FF6E0242} = {E084B8BC-FFD8-4A13-AA16-8D11C1346700}
		{369B4F29-4FF6-460C-877F-D67C81F45ED9} = {438B8BA5-D92E-43C2-859B-0812FF6E0242}
		{159B7144-E61E-4571-9321-7A0009C3D469} = {369B4F29-4FF6-460C-877F-D67C81F45ED9}
		{BF8CF299-4455-40ED-821A-F663E181E325} = {E084B8BC-FFD8-4A13-AA16-8D11C1346700}
		{E9A212E2-8797-4A30-ADAF-89847D21F25C} = {BF8CF299-4455-40ED-821A-F663E181E325}
	EndGlobalSection
EndGlobal
